{
  "name": "leximinds",
  "version": "1.0.0",
  "lockfileVersion": 3,
  "requires": true,
  "packages": {
    "": {
      "name": "leximinds",
      "version": "1.0.0",
      "license": "ISC",
      "dependencies": {
        "blueimp-md5": "^2.19.0",
        "wux-weapp": "^3.11.0"
      }
    },
    "node_modules/blueimp-md5": {
      "version": "2.19.0",
      "resolved": "https://registry.npmjs.org/blueimp-md5/-/blueimp-md5-2.19.0.tgz",
      "integrity": "sha512-DRQrD6gJyy8FbiE4s+bDoXS9hiW3Vbx5uCdwvcCf3zLHL+Iv7LtGHLpr+GZV8rHG8tK766FGYBwRbu8pELTt+w=="
    },
    "node_modules/wux-weapp": {
      "version": "3.11.0",
      "resolved": "https://registry.npmjs.org/wux-weapp/-/wux-weapp-3.11.0.tgz",
      "integrity": "sha512-fjp5BHfFwgxv2JiB5kln6p0bIu2/aOfZiJ6H0ryQECUsr9rEt2t5PCB9UPUALrIaItemmYtgDWIaxsIr74eHzw=="
    }
  }
}
